
Microsoft Visual Studio Solution File, Format Version 12.00
# Visual Studio Version 17
VisualStudioVersion = 17.5.002.0
MinimumVisualStudioVersion = 10.0.40219.1
Project("{9A19103F-16F7-4668-BE54-9A1E7A4F7556}") = "csharp", "csharp.csproj", "{65426E96-B17C-408C-AA67-C5D3A283F8F6}"
EndProject
Global
	GlobalSection(SolutionConfigurationPlatforms) = preSolution
		Debug|Any CPU = Debug|Any CPU
		Release|Any CPU = Release|Any CPU
	EndGlobalSection
	GlobalSection(ProjectConfigurationPlatforms) = postSolution
		{65426E96-B17C-408C-AA67-C5D3A283F8F6}.Debug|Any CPU.ActiveCfg = Debug|Any CPU
		{65426E96-B17C-408C-AA67-C5D3A283F8F6}.Debug|Any CPU.Build.0 = Debug|Any CPU
		{65426E96-B17C-408C-AA67-C5D3A283F8F6}.Release|Any CPU.ActiveCfg = Release|Any CPU
		{65426E96-B17C-408C-AA67-C5D3A283F8F6}.Release|Any CPU.Build.0 = Release|Any CPU
	EndGlobalSection
	GlobalSection(SolutionProperties) = preSolution
		HideSolutionNode = FALSE
	EndGlobalSection
	GlobalSection(ExtensibilityGlobals) = postSolution
		SolutionGuid = {4ACF2FEA-68DF-42FB-AB1C-A0D9B49241A8}
	EndGlobalSection
EndGlobal
